
Microsoft Visual Studio Solution File, Format Version 12.00
# Visual Studio Version 18
VisualStudioVersion = 18.4.11620.152 stable
MinimumVisualStudioVersion = 10.0.40219.1
Project("{FAE04EC0-301F-11D3-BF4B-00C04F79EFBC}") = "WheresMyRuin", "WheresMyRuin.csproj", "{4BB23E21-7D68-5489-0ED9-4C1DAB36ED16}"
EndProject
Global
	GlobalSection(SolutionConfigurationPlatforms) = preSolution
		Debug|Any CPU = Debug|Any CPU
		Release|Any CPU = Release|Any CPU
	EndGlobalSection
	GlobalSection(ProjectConfigurationPlatforms) = postSolution
		{4BB23E21-7D68-5489-0ED9-4C1DAB36ED16}.Debug|Any CPU.ActiveCfg = Debug|Any CPU
		{4BB23E21-7D68-5489-0ED9-4C1DAB36ED16}.Debug|Any CPU.Build.0 = Debug|Any CPU
		{4BB23E21-7D68-5489-0ED9-4C1DAB36ED16}.Release|Any CPU.ActiveCfg = Release|Any CPU
		{4BB23E21-7D68-5489-0ED9-4C1DAB36ED16}.Release|Any CPU.Build.0 = Release|Any CPU
	EndGlobalSection
	GlobalSection(SolutionProperties) = preSolution
		HideSolutionNode = FALSE
	EndGlobalSection
	GlobalSection(ExtensibilityGlobals) = postSolution
		SolutionGuid = {DD17F987-1604-40A6-B31E-4F09EBD6C7AD}
	EndGlobalSection
EndGlobal
